
Microsoft Visual Studio Solution File, Format Version 9.00
# Visual Studio 2005
Project("{8BC9CEB8-8B4A-11D0-8D11-00A0C91BC942}") = "NFCMifareCE_CPP", "NFCMifareCE_CPP\NFCMifareCE_CPP.vcproj", "{F770E756-C0A4-4C9E-8BBB-0D9D34BF3F64}"
EndProject
Global
	GlobalSection(SolutionConfigurationPlatforms) = preSolution
		Debug|DT-5300 (ARMV4I) = Debug|DT-5300 (ARMV4I)
		Debug|DT-X8 (ARMV4I) = Debug|DT-X8 (ARMV4I)
		Debug|IT-9000 (ARMV4I) = Debug|IT-9000 (ARMV4I)
		Release|DT-5300 (ARMV4I) = Release|DT-5300 (ARMV4I)
		Release|DT-X8 (ARMV4I) = Release|DT-X8 (ARMV4I)
		Release|IT-9000 (ARMV4I) = Release|IT-9000 (ARMV4I)
	EndGlobalSection
	GlobalSection(ProjectConfigurationPlatforms) = postSolution
		{F770E756-C0A4-4C9E-8BBB-0D9D34BF3F64}.Debug|DT-5300 (ARMV4I).ActiveCfg = Debug|DT-5300 (ARMV4I)
		{F770E756-C0A4-4C9E-8BBB-0D9D34BF3F64}.Debug|DT-5300 (ARMV4I).Build.0 = Debug|DT-5300 (ARMV4I)
		{F770E756-C0A4-4C9E-8BBB-0D9D34BF3F64}.Debug|DT-5300 (ARMV4I).Deploy.0 = Debug|DT-5300 (ARMV4I)
		{F770E756-C0A4-4C9E-8BBB-0D9D34BF3F64}.Debug|DT-X8 (ARMV4I).ActiveCfg = Debug|DT-X8 (ARMV4I)
		{F770E756-C0A4-4C9E-8BBB-0D9D34BF3F64}.Debug|DT-X8 (ARMV4I).Build.0 = Debug|DT-X8 (ARMV4I)
		{F770E756-C0A4-4C9E-8BBB-0D9D34BF3F64}.Debug|DT-X8 (ARMV4I).Deploy.0 = Debug|DT-X8 (ARMV4I)
		{F770E756-C0A4-4C9E-8BBB-0D9D34BF3F64}.Debug|IT-9000 (ARMV4I).ActiveCfg = Debug|IT-9000 (ARMV4I)
		{F770E756-C0A4-4C9E-8BBB-0D9D34BF3F64}.Debug|IT-9000 (ARMV4I).Build.0 = Debug|IT-9000 (ARMV4I)
		{F770E756-C0A4-4C9E-8BBB-0D9D34BF3F64}.Debug|IT-9000 (ARMV4I).Deploy.0 = Debug|IT-9000 (ARMV4I)
		{F770E756-C0A4-4C9E-8BBB-0D9D34BF3F64}.Release|DT-5300 (ARMV4I).ActiveCfg = Release|DT-5300 (ARMV4I)
		{F770E756-C0A4-4C9E-8BBB-0D9D34BF3F64}.Release|DT-5300 (ARMV4I).Build.0 = Release|DT-5300 (ARMV4I)
		{F770E756-C0A4-4C9E-8BBB-0D9D34BF3F64}.Release|DT-5300 (ARMV4I).Deploy.0 = Release|DT-5300 (ARMV4I)
		{F770E756-C0A4-4C9E-8BBB-0D9D34BF3F64}.Release|DT-X8 (ARMV4I).ActiveCfg = Release|DT-X8 (ARMV4I)
		{F770E756-C0A4-4C9E-8BBB-0D9D34BF3F64}.Release|DT-X8 (ARMV4I).Build.0 = Release|DT-X8 (ARMV4I)
		{F770E756-C0A4-4C9E-8BBB-0D9D34BF3F64}.Release|DT-X8 (ARMV4I).Deploy.0 = Release|DT-X8 (ARMV4I)
		{F770E756-C0A4-4C9E-8BBB-0D9D34BF3F64}.Release|IT-9000 (ARMV4I).ActiveCfg = Release|IT-9000 (ARMV4I)
		{F770E756-C0A4-4C9E-8BBB-0D9D34BF3F64}.Release|IT-9000 (ARMV4I).Build.0 = Release|IT-9000 (ARMV4I)
		{F770E756-C0A4-4C9E-8BBB-0D9D34BF3F64}.Release|IT-9000 (ARMV4I).Deploy.0 = Release|IT-9000 (ARMV4I)
	EndGlobalSection
	GlobalSection(SolutionProperties) = preSolution
		HideSolutionNode = FALSE
	EndGlobalSection
EndGlobal
