
Microsoft Visual Studio Solution File, Format Version 9.00
# Visual Studio 2005
Project("{8BC9CEB8-8B4A-11D0-8D11-00A0C91BC942}") = "SystemLibSampleVC", "SystemLibSampleVC.vcproj", "{38701801-BAEE-4A60-90D6-A3DC8C265242}"
EndProject
Global
	GlobalSection(SolutionConfigurationPlatforms) = preSolution
		Debug|DT-5200 (ARMV4I) = Debug|DT-5200 (ARMV4I)
		Debug|DT-5300 (ARMV4I) = Debug|DT-5300 (ARMV4I)
		Debug|DT-9800 (ARMV4I) = Debug|DT-9800 (ARMV4I)
		Debug|DT-X7 (ARMV4I) = Debug|DT-X7 (ARMV4I)
		Debug|DT-X8 (ARMV4I) = Debug|DT-X8 (ARMV4I)
		Release|DT-5200 (ARMV4I) = Release|DT-5200 (ARMV4I)
		Release|DT-5300 (ARMV4I) = Release|DT-5300 (ARMV4I)
		Release|DT-9800 (ARMV4I) = Release|DT-9800 (ARMV4I)
		Release|DT-X7 (ARMV4I) = Release|DT-X7 (ARMV4I)
		Release|DT-X8 (ARMV4I) = Release|DT-X8 (ARMV4I)
	EndGlobalSection
	GlobalSection(ProjectConfigurationPlatforms) = postSolution
		{38701801-BAEE-4A60-90D6-A3DC8C265242}.Debug|DT-5200 (ARMV4I).ActiveCfg = Debug|DT-5200 (ARMV4I)
		{38701801-BAEE-4A60-90D6-A3DC8C265242}.Debug|DT-5200 (ARMV4I).Build.0 = Debug|DT-5200 (ARMV4I)
		{38701801-BAEE-4A60-90D6-A3DC8C265242}.Debug|DT-5200 (ARMV4I).Deploy.0 = Debug|DT-5200 (ARMV4I)
		{38701801-BAEE-4A60-90D6-A3DC8C265242}.Debug|DT-5300 (ARMV4I).ActiveCfg = Debug|DT-5300 (ARMV4I)
		{38701801-BAEE-4A60-90D6-A3DC8C265242}.Debug|DT-5300 (ARMV4I).Build.0 = Debug|DT-5300 (ARMV4I)
		{38701801-BAEE-4A60-90D6-A3DC8C265242}.Debug|DT-5300 (ARMV4I).Deploy.0 = Debug|DT-5300 (ARMV4I)
		{38701801-BAEE-4A60-90D6-A3DC8C265242}.Debug|DT-9800 (ARMV4I).ActiveCfg = Debug|DT-9800 (ARMV4I)
		{38701801-BAEE-4A60-90D6-A3DC8C265242}.Debug|DT-9800 (ARMV4I).Build.0 = Debug|DT-9800 (ARMV4I)
		{38701801-BAEE-4A60-90D6-A3DC8C265242}.Debug|DT-9800 (ARMV4I).Deploy.0 = Debug|DT-9800 (ARMV4I)
		{38701801-BAEE-4A60-90D6-A3DC8C265242}.Debug|DT-X7 (ARMV4I).ActiveCfg = Debug|DT-X7 (ARMV4I)
		{38701801-BAEE-4A60-90D6-A3DC8C265242}.Debug|DT-X7 (ARMV4I).Build.0 = Debug|DT-X7 (ARMV4I)
		{38701801-BAEE-4A60-90D6-A3DC8C265242}.Debug|DT-X7 (ARMV4I).Deploy.0 = Debug|DT-X7 (ARMV4I)
		{38701801-BAEE-4A60-90D6-A3DC8C265242}.Debug|DT-X8 (ARMV4I).ActiveCfg = Debug|DT-X8 (ARMV4I)
		{38701801-BAEE-4A60-90D6-A3DC8C265242}.Debug|DT-X8 (ARMV4I).Build.0 = Debug|DT-X8 (ARMV4I)
		{38701801-BAEE-4A60-90D6-A3DC8C265242}.Debug|DT-X8 (ARMV4I).Deploy.0 = Debug|DT-X8 (ARMV4I)
		{38701801-BAEE-4A60-90D6-A3DC8C265242}.Release|DT-5200 (ARMV4I).ActiveCfg = Release|DT-5200 (ARMV4I)
		{38701801-BAEE-4A60-90D6-A3DC8C265242}.Release|DT-5200 (ARMV4I).Build.0 = Release|DT-5200 (ARMV4I)
		{38701801-BAEE-4A60-90D6-A3DC8C265242}.Release|DT-5200 (ARMV4I).Deploy.0 = Release|DT-5200 (ARMV4I)
		{38701801-BAEE-4A60-90D6-A3DC8C265242}.Release|DT-5300 (ARMV4I).ActiveCfg = Release|DT-5300 (ARMV4I)
		{38701801-BAEE-4A60-90D6-A3DC8C265242}.Release|DT-5300 (ARMV4I).Build.0 = Release|DT-5300 (ARMV4I)
		{38701801-BAEE-4A60-90D6-A3DC8C265242}.Release|DT-5300 (ARMV4I).Deploy.0 = Release|DT-5300 (ARMV4I)
		{38701801-BAEE-4A60-90D6-A3DC8C265242}.Release|DT-9800 (ARMV4I).ActiveCfg = Release|DT-9800 (ARMV4I)
		{38701801-BAEE-4A60-90D6-A3DC8C265242}.Release|DT-9800 (ARMV4I).Build.0 = Release|DT-9800 (ARMV4I)
		{38701801-BAEE-4A60-90D6-A3DC8C265242}.Release|DT-9800 (ARMV4I).Deploy.0 = Release|DT-9800 (ARMV4I)
		{38701801-BAEE-4A60-90D6-A3DC8C265242}.Release|DT-X7 (ARMV4I).ActiveCfg = Release|DT-X7 (ARMV4I)
		{38701801-BAEE-4A60-90D6-A3DC8C265242}.Release|DT-X7 (ARMV4I).Build.0 = Release|DT-X7 (ARMV4I)
		{38701801-BAEE-4A60-90D6-A3DC8C265242}.Release|DT-X7 (ARMV4I).Deploy.0 = Release|DT-X7 (ARMV4I)
		{38701801-BAEE-4A60-90D6-A3DC8C265242}.Release|DT-X8 (ARMV4I).ActiveCfg = Release|DT-X8 (ARMV4I)
		{38701801-BAEE-4A60-90D6-A3DC8C265242}.Release|DT-X8 (ARMV4I).Build.0 = Release|DT-X8 (ARMV4I)
		{38701801-BAEE-4A60-90D6-A3DC8C265242}.Release|DT-X8 (ARMV4I).Deploy.0 = Release|DT-X8 (ARMV4I)
	EndGlobalSection
	GlobalSection(SolutionProperties) = preSolution
		HideSolutionNode = FALSE
	EndGlobalSection
EndGlobal
