
Microsoft Visual Studio Solution File, Format Version 9.00
# Visual Studio 2005
Project("{8BC9CEB8-8B4A-11D0-8D11-00A0C91BC942}") = "NFCFeliCaCE_CPP", "NFCFeliCaCE_CPP\NFCFeliCaCE_CPP.vcproj", "{482A5F35-12E6-4EBB-981C-FFB65F00F5C5}"
EndProject
Global
	GlobalSection(SolutionConfigurationPlatforms) = preSolution
		Debug|DT-5300 (ARMV4I) = Debug|DT-5300 (ARMV4I)
		Debug|DT-X8 (ARMV4I) = Debug|DT-X8 (ARMV4I)
		Debug|IT-9000 (ARMV4I) = Debug|IT-9000 (ARMV4I)
		Release|DT-5300 (ARMV4I) = Release|DT-5300 (ARMV4I)
		Release|DT-X8 (ARMV4I) = Release|DT-X8 (ARMV4I)
		Release|IT-9000 (ARMV4I) = Release|IT-9000 (ARMV4I)
	EndGlobalSection
	GlobalSection(ProjectConfigurationPlatforms) = postSolution
		{482A5F35-12E6-4EBB-981C-FFB65F00F5C5}.Debug|DT-5300 (ARMV4I).ActiveCfg = Debug|DT-5300 (ARMV4I)
		{482A5F35-12E6-4EBB-981C-FFB65F00F5C5}.Debug|DT-5300 (ARMV4I).Build.0 = Debug|DT-5300 (ARMV4I)
		{482A5F35-12E6-4EBB-981C-FFB65F00F5C5}.Debug|DT-5300 (ARMV4I).Deploy.0 = Debug|DT-5300 (ARMV4I)
		{482A5F35-12E6-4EBB-981C-FFB65F00F5C5}.Debug|DT-X8 (ARMV4I).ActiveCfg = Debug|DT-X8 (ARMV4I)
		{482A5F35-12E6-4EBB-981C-FFB65F00F5C5}.Debug|DT-X8 (ARMV4I).Build.0 = Debug|DT-X8 (ARMV4I)
		{482A5F35-12E6-4EBB-981C-FFB65F00F5C5}.Debug|DT-X8 (ARMV4I).Deploy.0 = Debug|DT-X8 (ARMV4I)
		{482A5F35-12E6-4EBB-981C-FFB65F00F5C5}.Debug|IT-9000 (ARMV4I).ActiveCfg = Debug|IT-9000 (ARMV4I)
		{482A5F35-12E6-4EBB-981C-FFB65F00F5C5}.Debug|IT-9000 (ARMV4I).Build.0 = Debug|IT-9000 (ARMV4I)
		{482A5F35-12E6-4EBB-981C-FFB65F00F5C5}.Debug|IT-9000 (ARMV4I).Deploy.0 = Debug|IT-9000 (ARMV4I)
		{482A5F35-12E6-4EBB-981C-FFB65F00F5C5}.Release|DT-5300 (ARMV4I).ActiveCfg = Release|DT-5300 (ARMV4I)
		{482A5F35-12E6-4EBB-981C-FFB65F00F5C5}.Release|DT-5300 (ARMV4I).Build.0 = Release|DT-5300 (ARMV4I)
		{482A5F35-12E6-4EBB-981C-FFB65F00F5C5}.Release|DT-5300 (ARMV4I).Deploy.0 = Release|DT-5300 (ARMV4I)
		{482A5F35-12E6-4EBB-981C-FFB65F00F5C5}.Release|DT-X8 (ARMV4I).ActiveCfg = Release|DT-X8 (ARMV4I)
		{482A5F35-12E6-4EBB-981C-FFB65F00F5C5}.Release|DT-X8 (ARMV4I).Build.0 = Release|DT-X8 (ARMV4I)
		{482A5F35-12E6-4EBB-981C-FFB65F00F5C5}.Release|DT-X8 (ARMV4I).Deploy.0 = Release|DT-X8 (ARMV4I)
		{482A5F35-12E6-4EBB-981C-FFB65F00F5C5}.Release|IT-9000 (ARMV4I).ActiveCfg = Release|IT-9000 (ARMV4I)
		{482A5F35-12E6-4EBB-981C-FFB65F00F5C5}.Release|IT-9000 (ARMV4I).Build.0 = Release|IT-9000 (ARMV4I)
		{482A5F35-12E6-4EBB-981C-FFB65F00F5C5}.Release|IT-9000 (ARMV4I).Deploy.0 = Release|IT-9000 (ARMV4I)
	EndGlobalSection
	GlobalSection(SolutionProperties) = preSolution
		HideSolutionNode = FALSE
	EndGlobalSection
EndGlobal
